
Microsoft Visual Studio Solution File, Format Version 12.00
# Visual Studio Version 17
VisualStudioVersion = 17.5.33516.290
MinimumVisualStudioVersion = 10.0.40219.1
Project("{13B669BE-BB05-4DDF-9536-439F39A36129}") = "CRMReports", "CRMReports.phpproj", "{5F31381F-29A7-44C3-9B08-92E27ACE2ED4}"
EndProject
Global
	GlobalSection(SolutionConfigurationPlatforms) = preSolution
		Debug|Any CPU = Debug|Any CPU
		Release|Any CPU = Release|Any CPU
	EndGlobalSection
	GlobalSection(ProjectConfigurationPlatforms) = postSolution
		{5F31381F-29A7-44C3-9B08-92E27ACE2ED4}.Debug|Any CPU.ActiveCfg = Debug|Any CPU
		{5F31381F-29A7-44C3-9B08-92E27ACE2ED4}.Debug|Any CPU.Build.0 = Debug|Any CPU
		{5F31381F-29A7-44C3-9B08-92E27ACE2ED4}.Release|Any CPU.ActiveCfg = Release|Any CPU
		{5F31381F-29A7-44C3-9B08-92E27ACE2ED4}.Release|Any CPU.Build.0 = Release|Any CPU
	EndGlobalSection
	GlobalSection(SolutionProperties) = preSolution
		HideSolutionNode = FALSE
	EndGlobalSection
	GlobalSection(ExtensibilityGlobals) = postSolution
		SolutionGuid = {23420840-95FA-4302-A23B-28E588F055E8}
	EndGlobalSection
EndGlobal
